
Microsoft Visual Studio Solution File, Format Version 12.00
# Visual Studio Version 17
VisualStudioVersion = 17.4.33122.133
MinimumVisualStudioVersion = 10.0.40219.1
Project("{FAE04EC0-301F-11D3-BF4B-00C04F79EFBC}") = "web-app", "web-app\web-app.csproj", "{FEEF1701-C09E-48ED-AE2A-E9DEA9453039}"
EndProject
Global
	GlobalSection(SolutionConfigurationPlatforms) = preSolution
		Debug|Any CPU = Debug|Any CPU
		Release|Any CPU = Release|Any CPU
	EndGlobalSection
	GlobalSection(ProjectConfigurationPlatforms) = postSolution
		{FEEF1701-C09E-48ED-AE2A-E9DEA9453039}.Debug|Any CPU.ActiveCfg = Debug|Any CPU
		{FEEF1701-C09E-48ED-AE2A-E9DEA9453039}.Debug|Any CPU.Build.0 = Debug|Any CPU
		{FEEF1701-C09E-48ED-AE2A-E9DEA9453039}.Release|Any CPU.ActiveCfg = Release|Any CPU
		{FEEF1701-C09E-48ED-AE2A-E9DEA9453039}.Release|Any CPU.Build.0 = Release|Any CPU
	EndGlobalSection
	GlobalSection(SolutionProperties) = preSolution
		HideSolutionNode = FALSE
	EndGlobalSection
	GlobalSection(ExtensibilityGlobals) = postSolution
		SolutionGuid = {3C7B50D7-CAEB-48DC-B491-CCE114AE5AA2}
	EndGlobalSection
EndGlobal
